
Microsoft Visual Studio Solution File, Format Version 12.00
# Visual Studio Version 17
VisualStudioVersion = 17.7.34031.279
MinimumVisualStudioVersion = 10.0.40219.1
Project("{FAE04EC0-301F-11D3-BF4B-00C04F79EFBC}") = "C# Methods", "C# Methods.csproj", "{5931BD1E-A133-44E6-BD75-6EE2198295AA}"
EndProject
Global
	GlobalSection(SolutionConfigurationPlatforms) = preSolution
		Debug|Any CPU = Debug|Any CPU
		Release|Any CPU = Release|Any CPU
	EndGlobalSection
	GlobalSection(ProjectConfigurationPlatforms) = postSolution
		{5931BD1E-A133-44E6-BD75-6EE2198295AA}.Debug|Any CPU.ActiveCfg = Debug|Any CPU
		{5931BD1E-A133-44E6-BD75-6EE2198295AA}.Debug|Any CPU.Build.0 = Debug|Any CPU
		{5931BD1E-A133-44E6-BD75-6EE2198295AA}.Release|Any CPU.ActiveCfg = Release|Any CPU
		{5931BD1E-A133-44E6-BD75-6EE2198295AA}.Release|Any CPU.Build.0 = Release|Any CPU
	EndGlobalSection
	GlobalSection(SolutionProperties) = preSolution
		HideSolutionNode = FALSE
	EndGlobalSection
	GlobalSection(ExtensibilityGlobals) = postSolution
		SolutionGuid = {AEDCEDF0-9285-4F1B-B817-0D77A9338F62}
	EndGlobalSection
EndGlobal
